{
  "name": "test-esbuild",
  "version": "0.1.0",
  "lockfileVersion": 2,
  "requires": true,
  "packages": {
    "": {
      "version": "0.1.0",
      "license": "MIT",
      "dependencies": {
        "esbuild": "^0.8.42"
      },
      "devDependencies": {
        "bs-platform": "9.0.0"
      }
    },
    "node_modules/bs-platform": {
      "version": "9.0.0",
      "resolved": "https://registry.npmjs.org/bs-platform/-/bs-platform-9.0.0.tgz",
      "integrity": "sha512-32gIXIUt1RO+OUWLrkhXFOuZKS5Cka6lEShXaVC/ohg5N8cUnoNZW9M/vW3CWnmgZkQ0Hp9g9vj5I5NfzHpy5A==",
      "dev": true,
      "hasInstallScript": true,
      "bin": {
        "bsb": "bsb",
        "bsc": "bsc",
        "bsrefmt": "bsrefmt",
        "bstracing": "lib/bstracing"
      }
    },
    "node_modules/esbuild": {
      "version": "0.8.42",
      "resolved": "https://registry.npmjs.org/esbuild/-/esbuild-0.8.42.tgz",
      "integrity": "sha512-zUtj5RMqROCCCH0vV/a7cd8YQg8I0GWBhV3A3PklWRT+oM/YwVbnrtFnITzE1otGdnXplWHWdZ4OcYiV0PN+JQ==",
      "hasInstallScript": true,
      "bin": {
        "esbuild": "bin/esbuild"
      }
    }
  },
  "dependencies": {
    "bs-platform": {
      "version": "9.0.0",
      "resolved": "https://registry.npmjs.org/bs-platform/-/bs-platform-9.0.0.tgz",
      "integrity": "sha512-32gIXIUt1RO+OUWLrkhXFOuZKS5Cka6lEShXaVC/ohg5N8cUnoNZW9M/vW3CWnmgZkQ0Hp9g9vj5I5NfzHpy5A==",
      "dev": true
    },
    "esbuild": {
      "version": "0.8.42",
      "resolved": "https://registry.npmjs.org/esbuild/-/esbuild-0.8.42.tgz",
      "integrity": "sha512-zUtj5RMqROCCCH0vV/a7cd8YQg8I0GWBhV3A3PklWRT+oM/YwVbnrtFnITzE1otGdnXplWHWdZ4OcYiV0PN+JQ=="
    }
  }
}
